# This file is automatically @generated by Cargo.
# It is not intended for manual editing.
version = 3

[[package]]
name = "execution"
version = "0.1.0"

[[package]]
name = "mempool"
version = "0.1.0"

[[package]]
name = "primitives"
version = "0.1.0"

[[package]]
name = "sequencer"
version = "0.1.0"
