{
  "version": "3",
  "packages": {
    "specifiers": {
      "npm:@types/node": "npm:@types/node@18.16.19",
      "npm:sinon": "npm:sinon@19.0.2",
      "npm:starknet@5.24.3": "npm:starknet@5.24.3"
    },
    "npm": {
      "@noble/curves@1.2.0": {
        "integrity": "sha512-oYclrNgRaM9SsBUBVbb8M6DTV7ZHRTKugureoYEncY5c65HOmRzvSiTE3y5CYaPYJA/GVkrhXEoF0M3Ya9PMnw==",
        "dependencies": {
          "@noble/hashes": "@noble/hashes@1.3.2"
        }
      },
      "@noble/hashes@1.3.2": {
        "integrity": "sha512-MVC8EAQp7MvEcm30KWENFjgR+Mkmf+D189XJTkFIlwohU5hcBbn1ZkKq7KVTi2Hme3PMGF390DaL52beVrIihQ==",
        "dependencies": {}
      },
      "@scure/base@1.1.9": {
        "integrity": "sha512-8YKhl8GHiNI/pU2VMaofa2Tor7PJRAjwQLBBuilkJ9L5+13yVbC7JO/wS7piioAvPSwR3JKM1IJ/u4xQzbcXKg==",
        "dependencies": {}
      },
      "@scure/starknet@0.3.0": {
        "integrity": "sha512-Ma66yZlwa5z00qI5alSxdWtIpky5LBhy22acVFdoC5kwwbd9uDyMWEYzWHdNyKmQg9t5Y2UOXzINMeb3yez+Gw==",
        "dependencies": {
          "@noble/curves": "@noble/curves@1.2.0",
          "@noble/hashes": "@noble/hashes@1.3.2"
        }
      },
      "@sinonjs/commons@3.0.1": {
        "integrity": "sha512-K3mCHKQ9sVh8o1C9cxkwxaOmXoAMlDxC1mYyHrjqOWEcBjYr76t96zL2zlj5dUGZ3HSw240X1qgH3Mjf1yJWpQ==",
        "dependencies": {
          "type-detect": "type-detect@4.0.8"
        }
      },
      "@sinonjs/fake-timers@13.0.5": {
        "integrity": "sha512-36/hTbH2uaWuGVERyC6da9YwGWnzUZXuPro/F2LfsdOsLnCojz/iSH8MxUt/FD2S5XBSVPhmArFUXcpCQ2Hkiw==",
        "dependencies": {
          "@sinonjs/commons": "@sinonjs/commons@3.0.1"
        }
      },
      "@sinonjs/samsam@8.0.2": {
        "integrity": "sha512-v46t/fwnhejRSFTGqbpn9u+LQ9xJDse10gNnPgAcxgdoCDMXj/G2asWAC/8Qs+BAZDicX+MNZouXT1A7c83kVw==",
        "dependencies": {
          "@sinonjs/commons": "@sinonjs/commons@3.0.1",
          "lodash.get": "lodash.get@4.4.2",
          "type-detect": "type-detect@4.1.0"
        }
      },
      "@sinonjs/text-encoding@0.7.3": {
        "integrity": "sha512-DE427ROAphMQzU4ENbliGYrBSYPXF+TtLg9S8vzeA+OF4ZKzoDdzfL8sxuMUGS/lgRhM6j1URSk9ghf7Xo1tyA==",
        "dependencies": {}
      },
      "@types/node@18.16.19": {
        "integrity": "sha512-IXl7o+R9iti9eBW4Wg2hx1xQDig183jj7YLn8F7udNceyfkbn1ZxmzZXuak20gR40D7pIkIY1kYGx5VIGbaHKA==",
        "dependencies": {}
      },
      "diff@7.0.0": {
        "integrity": "sha512-PJWHUb1RFevKCwaFA9RlG5tCd+FO5iRh9A8HEtkmBH2Li03iJriB6m6JIN4rGz3K3JLawI7/veA1xzRKP6ISBw==",
        "dependencies": {}
      },
      "has-flag@4.0.0": {
        "integrity": "sha512-EykJT/Q1KjTWctppgIAgfSO0tKVuZUjhgMr17kqTumMl6Afv3EISleU7qZUzoXDFTAHTDC4NOoG/ZxU3EvlMPQ==",
        "dependencies": {}
      },
      "isomorphic-fetch@3.0.0": {
        "integrity": "sha512-qvUtwJ3j6qwsF3jLxkZ72qCgjMysPzDfeV240JHiGZsANBYd+EEuu35v7dfrJ9Up0Ak07D7GGSkGhCHTqg/5wA==",
        "dependencies": {
          "node-fetch": "node-fetch@2.7.0",
          "whatwg-fetch": "whatwg-fetch@3.6.20"
        }
      },
      "just-extend@6.2.0": {
        "integrity": "sha512-cYofQu2Xpom82S6qD778jBDpwvvy39s1l/hrYij2u9AMdQcGRpaBu6kY4mVhuno5kJVi1DAz4aiphA2WI1/OAw==",
        "dependencies": {}
      },
      "lodash.get@4.4.2": {
        "integrity": "sha512-z+Uw/vLuy6gQe8cfaFWD7p0wVv8fJl3mbzXh33RS+0oW2wvUqiRXiQ69gLWSLpgB5/6sU+r6BlQR0MBILadqTQ==",
        "dependencies": {}
      },
      "lossless-json@2.0.11": {
        "integrity": "sha512-BP0vn+NGYvzDielvBZaFain/wgeJ1hTvURCqtKvhr1SCPePdaaTanmmcplrHfEJSJOUql7hk4FHwToNJjWRY3g==",
        "dependencies": {}
      },
      "nise@6.1.1": {
        "integrity": "sha512-aMSAzLVY7LyeM60gvBS423nBmIPP+Wy7St7hsb+8/fc1HmeoHJfLO8CKse4u3BtOZvQLJghYPI2i/1WZrEj5/g==",
        "dependencies": {
          "@sinonjs/commons": "@sinonjs/commons@3.0.1",
          "@sinonjs/fake-timers": "@sinonjs/fake-timers@13.0.5",
          "@sinonjs/text-encoding": "@sinonjs/text-encoding@0.7.3",
          "just-extend": "just-extend@6.2.0",
          "path-to-regexp": "path-to-regexp@8.2.0"
        }
      },
      "node-fetch@2.7.0": {
        "integrity": "sha512-c4FRfUm/dbcWZ7U+1Wq0AwCyFL+3nt2bEw05wfxSz+DWpWsitgmSgYmy2dQdWyKC1694ELPqMs/YzUSNozLt8A==",
        "dependencies": {
          "whatwg-url": "whatwg-url@5.0.0"
        }
      },
      "pako@2.1.0": {
        "integrity": "sha512-w+eufiZ1WuJYgPXbV/PO3NCMEc3xqylkKHzp8bxp1uW4qaSNQUkwmLLEc3kKsfz8lpV1F8Ht3U1Cm+9Srog2ug==",
        "dependencies": {}
      },
      "path-to-regexp@8.2.0": {
        "integrity": "sha512-TdrF7fW9Rphjq4RjrW0Kp2AW0Ahwu9sRGTkS6bvDi0SCwZlEZYmcfDbEsTz8RVk0EHIS/Vd1bv3JhG+1xZuAyQ==",
        "dependencies": {}
      },
      "sinon@19.0.2": {
        "integrity": "sha512-euuToqM+PjO4UgXeLETsfQiuoyPXlqFezr6YZDFwHR3t4qaX0fZUe1MfPMznTL5f8BWrVS89KduLdMUsxFCO6g==",
        "dependencies": {
          "@sinonjs/commons": "@sinonjs/commons@3.0.1",
          "@sinonjs/fake-timers": "@sinonjs/fake-timers@13.0.5",
          "@sinonjs/samsam": "@sinonjs/samsam@8.0.2",
          "diff": "diff@7.0.0",
          "nise": "nise@6.1.1",
          "supports-color": "supports-color@7.2.0"
        }
      },
      "starknet@5.24.3": {
        "integrity": "sha512-v0TuaNc9iNtHdbIRzX372jfQH1vgx2rwBHQDMqK4DqjJbwFEE5dog8Go6rGiZVW750NqRSWrZ7ahqyRNc3bscg==",
        "dependencies": {
          "@noble/curves": "@noble/curves@1.2.0",
          "@scure/base": "@scure/base@1.1.9",
          "@scure/starknet": "@scure/starknet@0.3.0",
          "isomorphic-fetch": "isomorphic-fetch@3.0.0",
          "lossless-json": "lossless-json@2.0.11",
          "pako": "pako@2.1.0",
          "url-join": "url-join@4.0.1"
        }
      },
      "supports-color@7.2.0": {
        "integrity": "sha512-qpCAvRl9stuOHveKsn7HncJRvv501qIacKzQlO/+Lwxc9+0q2wLyv4Dfvt80/DPn2pqOBsJdDiogXGR9+OvwRw==",
        "dependencies": {
          "has-flag": "has-flag@4.0.0"
        }
      },
      "tr46@0.0.3": {
        "integrity": "sha512-N3WMsuqV66lT30CrXNbEjx4GEwlow3v6rr4mCcv6prnfwhS01rkgyFdjPNBYd9br7LpXV1+Emh01fHnq2Gdgrw==",
        "dependencies": {}
      },
      "type-detect@4.0.8": {
        "integrity": "sha512-0fr/mIH1dlO+x7TlcMy+bIDqKPsw/70tVyeHW787goQjhmqaZe10uwLujubK9q9Lg6Fiho1KUKDYz0Z7k7g5/g==",
        "dependencies": {}
      },
      "type-detect@4.1.0": {
        "integrity": "sha512-Acylog8/luQ8L7il+geoSxhEkazvkslg7PSNKOX59mbB9cOveP5aq9h74Y7YU8yDpJwetzQQrfIwtf4Wp4LKcw==",
        "dependencies": {}
      },
      "url-join@4.0.1": {
        "integrity": "sha512-jk1+QP6ZJqyOiuEI9AEWQfju/nB2Pw466kbA0LEZljHwKeMgd9WrAEgEGxjPDD2+TNbbb37rTyhEfrCXfuKXnA==",
        "dependencies": {}
      },
      "webidl-conversions@3.0.1": {
        "integrity": "sha512-2JAn3z8AR6rjK8Sm8orRC0h/bcl/DqL7tRPdGZ4I1CjdF+EaMLmYxBHyXuKL849eucPFhvBoxMsflfOb8kxaeQ==",
        "dependencies": {}
      },
      "whatwg-fetch@3.6.20": {
        "integrity": "sha512-EqhiFU6daOA8kpjOWTL0olhVOF3i7OrFzSYiGsEMB8GcXS+RrzauAERX65xMeNWVqxA6HXH2m69Z9LaKKdisfg==",
        "dependencies": {}
      },
      "whatwg-url@5.0.0": {
        "integrity": "sha512-saE57nupxk6v3HY35+jzBwYa0rKSy0XR8JSxZPwgLr7ys0IBzhGviA1/TUGJLmSVqs8pb9AnvICXEuOHLprYTw==",
        "dependencies": {
          "tr46": "tr46@0.0.3",
          "webidl-conversions": "webidl-conversions@3.0.1"
        }
      }
    }
  },
  "remote": {
    "https://deno.land/std@0.150.0/media_types/_util.ts": "ce9b4fc4ba1c447dafab619055e20fd88236ca6bdd7834a21f98bd193c3fbfa1",
    "https://deno.land/std@0.150.0/media_types/mod.ts": "2d4b6f32a087029272dc59e0a55ae3cc4d1b27b794ccf528e94b1925795b3118",
    "https://deno.land/std@0.150.0/media_types/vendor/mime-db.v1.52.0.ts": "724cee25fa40f1a52d3937d6b4fbbfdd7791ff55e1b7ac08d9319d5632c7f5af",
    "https://deno.land/std@0.213.0/assert/_constants.ts": "a271e8ef5a573f1df8e822a6eb9d09df064ad66a4390f21b3e31f820a38e0975",
    "https://deno.land/std@0.213.0/assert/_diff.ts": "dcc63d94ca289aec80644030cf88ccbf7acaa6fbd7b0f22add93616b36593840",
    "https://deno.land/std@0.213.0/assert/_format.ts": "0ba808961bf678437fb486b56405b6fefad2cf87b5809667c781ddee8c32aff4",
    "https://deno.land/std@0.213.0/assert/assert.ts": "bec068b2fccdd434c138a555b19a2c2393b71dfaada02b7d568a01541e67cdc5",
    "https://deno.land/std@0.213.0/assert/assert_almost_equals.ts": "8b96b7385cc117668b0720115eb6ee73d04c9bcb2f5d2344d674918c9113688f",
    "https://deno.land/std@0.213.0/assert/assert_array_includes.ts": "1688d76317fd45b7e93ef9e2765f112fdf2b7c9821016cdfb380b9445374aed1",
    "https://deno.land/std@0.213.0/assert/assert_equals.ts": "4497c56fe7d2993b0d447926702802fc0becb44e319079e8eca39b482ee01b4e",
    "https://deno.land/std@0.213.0/assert/assert_exists.ts": "24a7bf965e634f909242cd09fbaf38bde6b791128ece08e33ab08586a7cc55c9",
    "https://deno.land/std@0.213.0/assert/assert_false.ts": "6f382568e5128c0f855e5f7dbda8624c1ed9af4fcc33ef4a9afeeedcdce99769",
    "https://deno.land/std@0.213.0/assert/assert_greater.ts": "4945cf5729f1a38874d7e589e0fe5cc5cd5abe5573ca2ddca9d3791aa891856c",
    "https://deno.land/std@0.213.0/assert/assert_greater_or_equal.ts": "573ed8823283b8d94b7443eb69a849a3c369a8eb9666b2d1db50c33763a5d219",
    "https://deno.land/std@0.213.0/assert/assert_instance_of.ts": "72dc1faff1e248692d873c89382fa1579dd7b53b56d52f37f9874a75b11ba444",
    "https://deno.land/std@0.213.0/assert/assert_is_error.ts": "6596f2b5ba89ba2fe9b074f75e9318cda97a2381e59d476812e30077fbdb6ed2",
    "https://deno.land/std@0.213.0/assert/assert_less.ts": "2b4b3fe7910f65f7be52212f19c3977ecb8ba5b2d6d0a296c83cde42920bb005",
    "https://deno.land/std@0.213.0/assert/assert_less_or_equal.ts": "b93d212fe669fbde959e35b3437ac9a4468f2e6b77377e7b6ea2cfdd825d38a0",
    "https://deno.land/std@0.213.0/assert/assert_match.ts": "ec2d9680ed3e7b9746ec57ec923a17eef6d476202f339ad91d22277d7f1d16e1",
    "https://deno.land/std@0.213.0/assert/assert_not_equals.ts": "f3edda73043bc2c9fae6cbfaa957d5c69bbe76f5291a5b0466ed132c8789df4c",
    "https://deno.land/std@0.213.0/assert/assert_not_instance_of.ts": "8f720d92d83775c40b2542a8d76c60c2d4aeddaf8713c8d11df8984af2604931",
    "https://deno.land/std@0.213.0/assert/assert_not_match.ts": "b4b7c77f146963e2b673c1ce4846473703409eb93f5ab0eb60f6e6f8aeffe39f",
    "https://deno.land/std@0.213.0/assert/assert_not_strict_equals.ts": "da0b8ab60a45d5a9371088378e5313f624799470c3b54c76e8b8abeec40a77be",
    "https://deno.land/std@0.213.0/assert/assert_object_match.ts": "e85e5eef62a56ce364c3afdd27978ccab979288a3e772e6855c270a7b118fa49",
    "https://deno.land/std@0.213.0/assert/assert_rejects.ts": "e9e0c8d9c3e164c7ac962c37b3be50577c5a2010db107ed272c4c1afb1269f54",
    "https://deno.land/std@0.213.0/assert/assert_strict_equals.ts": "0425a98f70badccb151644c902384c12771a93e65f8ff610244b8147b03a2366",
    "https://deno.land/std@0.213.0/assert/assert_string_includes.ts": "dfb072a890167146f8e5bdd6fde887ce4657098e9f71f12716ef37f35fb6f4a7",
    "https://deno.land/std@0.213.0/assert/assert_throws.ts": "edddd86b39606c342164b49ad88dd39a26e72a26655e07545d172f164b617fa7",
    "https://deno.land/std@0.213.0/assert/assertion_error.ts": "9f689a101ee586c4ce92f52fa7ddd362e86434ffdf1f848e45987dc7689976b8",
    "https://deno.land/std@0.213.0/assert/equal.ts": "fae5e8a52a11d3ac694bbe1a53e13a7969e3f60791262312e91a3e741ae519e2",
    "https://deno.land/std@0.213.0/assert/fail.ts": "f310e51992bac8e54f5fd8e44d098638434b2edb802383690e0d7a9be1979f1c",
    "https://deno.land/std@0.213.0/assert/mod.ts": "325df8c0683ad83a873b9691aa66b812d6275fc9fec0b2d180ac68a2c5efed3b",
    "https://deno.land/std@0.213.0/assert/unimplemented.ts": "47ca67d1c6dc53abd0bd729b71a31e0825fc452dbcd4fde4ca06789d5644e7fd",
    "https://deno.land/std@0.213.0/assert/unreachable.ts": "38cfecb95d8b06906022d2f9474794fca4161a994f83354fd079cac9032b5145",
    "https://deno.land/std@0.213.0/fmt/colors.ts": "aeaee795471b56fc62a3cb2e174ed33e91551b535f44677f6320336aabb54fbb",
    "https://deno.land/x/xhr@0.3.0/mod.ts": "094aacd627fd9635cd942053bf8032b5223b909858fa9dc8ffa583752ff63b20",
    "https://esm.sh/@apibara/indexer@0.2.2": "e79b6231660c752e8d5cdaab0e5bc749fe9391bad3cad4ae14c7ec43aef31881",
    "https://esm.sh/@apibara/indexer@0.2.2/starknet": "f67c50a85f58eaa85292c0b3fdb0af5d0a9b2cb91dc27f1a7d289fd9b240ef5a",
    "https://esm.sh/@ethereumjs/block@5.0.1": "20b616bc726aa3dd41d902c7b3b33181196bee7e580667d447818f4ee9be9505",
    "https://esm.sh/@ethereumjs/evm@2.1.0": "42834501673a7bf262b5bc8178a0f98e07b5f8f77964060be27b91c76d91a4cd",
    "https://esm.sh/@ethereumjs/rlp@5.0.1": "7b9dd4514d91155bac856e0ba4b82303667491dad35c3f6f9544a5c8b6253ca6",
    "https://esm.sh/@ethereumjs/trie@6.0.1": "153890273dd47972252b8284269bb19d90880ac7498aa44bedaaf9baa5a7df65",
    "https://esm.sh/@ethereumjs/tx@5.1.0": "db0eeb4794f85cb5adc842a71f65f20084c1543e7537540f19f5865a8349600b",
    "https://esm.sh/@ethereumjs/util@9.0.1": "35ab8ce9d60abcb6e79dcdd7e4116bbd400a735dc8101c63ec6f04a1767e30a3",
    "https://esm.sh/@ethereumjs/vm@7.1.0": "755d44e81d01c9bdcd9856ebe340fb30927a70aa3788e8bf3df71da330a54365",
    "https://esm.sh/starknet@5.24.3": "d65450f3e98eb7557fcda6a8d58f26be58e3f7a931ef1a32ed21d56f5b914692",
    "https://esm.sh/v135/@adraffy/ens-normalize@1.10.0/denonext/ens-normalize.mjs": "62517a294467b1122a56461b2a5961b47250b10eb163892bd6404639377bcb50",
    "https://esm.sh/v135/@apibara/indexer@0.2.2/denonext/indexer.mjs": "4e82307442bfbe961694e6961353b6f597450b46c7ff0397ffb66faf9b086e18",
    "https://esm.sh/v135/@apibara/indexer@0.2.2/denonext/starknet.js": "3d4e9a238bbe354005b186d3297ad17e020517c1fcc35c9cdda9dc54def96c29",
    "https://esm.sh/v135/@ethereumjs/block@5.0.1/denonext/block.mjs": "20a28bfa0504bfed4db609014df71a7370fab4042c8d7588e24e52799e0f5377",
    "https://esm.sh/v135/@ethereumjs/block@5.1.1/denonext/block.mjs": "7850e8b35a7ef7b1945542c8466dc0941b724533d110e6c7e95f75afa5e5ecf8",
    "https://esm.sh/v135/@ethereumjs/block@5.2.0/denonext/block.mjs": "7e58260271f92a7a7331825d0af839ed621ef5c78fa1aba17c88b143c848fd36",
    "https://esm.sh/v135/@ethereumjs/blockchain@7.0.1/denonext/blockchain.mjs": "40d1839341e06c624a337def06784fec5ec14a2b7f3499e3697cb0dbbb7e6eaf",
    "https://esm.sh/v135/@ethereumjs/blockchain@7.1.0/denonext/blockchain.mjs": "b0a855f197281cc140e594f10017520ccea4fef8809e8ef56ec0ba3ccb0a3208",
    "https://esm.sh/v135/@ethereumjs/common@4.1.0/denonext/common.mjs": "1262c0794b45bb3338b0a1f689bfad7e3025c19a7d7b25dc3343c6f05de57f2b",
    "https://esm.sh/v135/@ethereumjs/common@4.2.0/denonext/common.mjs": "833819137f8e3107ac337b0a728b515c73e35228fc0590fe0146636a08464ebb",
    "https://esm.sh/v135/@ethereumjs/common@4.3.0/denonext/common.mjs": "64ae3588e243526d1c4c5a605855379a1f43e1a3420ec92361e8af8f2d66dabb",
    "https://esm.sh/v135/@ethereumjs/ethash@3.0.1/denonext/ethash.mjs": "270e354c9f7428321908b15ee2ed2059d809252301975ed8319642252c4c8c45",
    "https://esm.sh/v135/@ethereumjs/ethash@3.0.3/denonext/ethash.mjs": "4e448a4c934fac61043240cca076531852dfd92b097781b24afc3ddf09e12f8a",
    "https://esm.sh/v135/@ethereumjs/evm@2.1.0/denonext/evm.mjs": "354c7af6010e607889342a26db50d2ce6f19c0da6a7f57596b2787d953730b5d",
    "https://esm.sh/v135/@ethereumjs/rlp@5.0.1/denonext/rlp.mjs": "e7053dd0273991e806a6a7a9ced77044fa81064deb6fbd38f72939fc371fab49",
    "https://esm.sh/v135/@ethereumjs/rlp@5.0.2/denonext/rlp.mjs": "b366ad4607c58648fca6bc59f1129ccffb03ae6f9ecf4acbf84d0af6c472fd36",
    "https://esm.sh/v135/@ethereumjs/statemanager@2.1.0/denonext/statemanager.mjs": "004f1d957428db256cff0c2be1df939d1e631cf1d59a70e64ca59c63005d640b",
    "https://esm.sh/v135/@ethereumjs/trie@6.0.1/denonext/trie.mjs": "4530fab65263d29256c46a40cc86d8fe213d2b946f9707f63710a40d96838c43",
    "https://esm.sh/v135/@ethereumjs/trie@6.1.1/denonext/trie.mjs": "18cb2ba2ca9a6b923b76df39f6a0bbb8924da060ca7e197dc33fb70ebaeb0daf",
    "https://esm.sh/v135/@ethereumjs/trie@6.2.0/denonext/trie.mjs": "ad6ac166528a3cce269df6ab190194a9d17b7b33ac0a4915099b5f4b14b50906",
    "https://esm.sh/v135/@ethereumjs/tx@5.1.0/denonext/tx.mjs": "598717f77b3f07f343c860b7204ca78a9e07cc4a34834f10151a7e8cd6a707bd",
    "https://esm.sh/v135/@ethereumjs/tx@5.2.1/denonext/tx.mjs": "9707ea745ab915b2b0b2516fc4bca0cd557c92a7db29af488c6b803a8e72e4ce",
    "https://esm.sh/v135/@ethereumjs/tx@5.3.0/denonext/tx.mjs": "8c331389009b54c703325185dc239e2704e98338c95aaa59e3d0111e1123b73a",
    "https://esm.sh/v135/@ethereumjs/util@9.0.1/denonext/util.mjs": "d88f5e19c3354780d1381d1396c0fdcdde3da06b9dc5f49f35c707bf2319a718",
    "https://esm.sh/v135/@ethereumjs/util@9.0.3/denonext/util.mjs": "4136b56b8c6f0f50a3b9c817b477c5e8921762c1964b84c1dc49689817af52a2",
    "https://esm.sh/v135/@ethereumjs/vm@7.1.0/denonext/vm.mjs": "0231103fb52517f7cff4fff9a025b0f3ff400bf3789095df4973e0157c348cd9",
    "https://esm.sh/v135/@noble/curves@1.1.0/denonext/_shortw_utils.js": "00cb8e706dc9a27d2b2ec805553cee799f10e479df771114b488f2c9c9a0dcec",
    "https://esm.sh/v135/@noble/curves@1.1.0/denonext/abstract/curve.js": "afcf481de38fff74955d1dd734cdc15e34a900ba71ed8656ad5c8810b0e66e5a",
    "https://esm.sh/v135/@noble/curves@1.1.0/denonext/abstract/hash-to-curve.js": "706cf8d43f436ba22f5c65f71e84403ec74124316e24e84d05cfdb297f80c0d2",
    "https://esm.sh/v135/@noble/curves@1.1.0/denonext/abstract/modular.js": "f16d57a1fd338e39a228d197f55b1e2d8bfcc33b3be392c148863d0895779f2f",
    "https://esm.sh/v135/@noble/curves@1.1.0/denonext/abstract/utils.js": "110d717e2e2291ab081a0af7355141153834ee8f1a605c219299d055b2267d8a",
    "https://esm.sh/v135/@noble/curves@1.1.0/denonext/abstract/weierstrass.js": "1e6d32f1e679a3800f2a17bbf6872ec7aebb459b22c582d508a8a7b27810e86d",
    "https://esm.sh/v135/@noble/curves@1.1.0/denonext/secp256k1.js": "2ac87abf6fecbde4c467c2500b130c3053c5b2e859f817c99817d086210e7997",
    "https://esm.sh/v135/@noble/curves@1.2.0/denonext/_shortw_utils.js": "47a889dd52d7b29e8bc0d641597239d0ae0b1f10a9ee3b114c3dbd273172e9af",
    "https://esm.sh/v135/@noble/curves@1.2.0/denonext/abstract/curve.js": "d4ac165ea7e6b5e401112e5c91d38a258fc6fe1dc3afa1c391cc2e74141d2228",
    "https://esm.sh/v135/@noble/curves@1.2.0/denonext/abstract/hash-to-curve.js": "eb943276f11698b72a1da4dc51458edac705a3d827b0add5038a15c7aa6ab770",
    "https://esm.sh/v135/@noble/curves@1.2.0/denonext/abstract/modular.js": "6d0fba13e486d0929f4ab81f7774d75b2254b934e0be7dd3fd96b959c0dd7600",
    "https://esm.sh/v135/@noble/curves@1.2.0/denonext/abstract/poseidon.js": "ab1b97653828117af52678e8a62ef976b529fdc56359172639c1c8e9c1d5d895",
    "https://esm.sh/v135/@noble/curves@1.2.0/denonext/abstract/utils.js": "33d6521fbb6756d058dff59616da1e55a55972b4848976c27e81c4b4bc36c0e4",
    "https://esm.sh/v135/@noble/curves@1.2.0/denonext/abstract/weierstrass.js": "5cb85ed9ad826f7e623f0052a55a865ad957eab06c30697804157844e82416a9",
    "https://esm.sh/v135/@noble/curves@1.2.0/denonext/secp256k1.js": "da024e491d38a1407d3bdf54f669bbefb879b710dfae945d4ca58a676fcfd37d",
    "https://esm.sh/v135/@noble/curves@1.3.0/denonext/_shortw_utils.js": "8d690a8fbb0100093f6ab96457c634465eb4bd79f07adb30bbda5234d189c5e8",
    "https://esm.sh/v135/@noble/curves@1.3.0/denonext/abstract/curve.js": "280130b0d3e1f15037b449b5870e1f39f5db99f8c310f85a9d4ab129d6dfa583",
    "https://esm.sh/v135/@noble/curves@1.3.0/denonext/abstract/hash-to-curve.js": "591fb0f81529b2dc9f7ea61a0b988ab659564688ce33bd6c95b0e55c698cb338",
    "https://esm.sh/v135/@noble/curves@1.3.0/denonext/abstract/modular.js": "f6a63a4725fe208141f87a773ba9485813ffd5291129656fd073f832fbcd4437",
    "https://esm.sh/v135/@noble/curves@1.3.0/denonext/abstract/utils.js": "0ff50d14245befb0ee4b0eae5f0292acc5fd0f6e5f385195654d7825f0a75669",
    "https://esm.sh/v135/@noble/curves@1.3.0/denonext/abstract/weierstrass.js": "f97e7a6ecf9f23a864538f7089645c17103f3809134c0bb99c29d56ce824e7b4",
    "https://esm.sh/v135/@noble/curves@1.3.0/denonext/secp256k1.js": "641ad16ddf79c7f4b69cba4d266078ef21f446cfc3fec83120f6de4f6dee84aa",
    "https://esm.sh/v135/@noble/hashes@1.3.1/denonext/_assert.js": "d22dfffef44f75a84f61b9cedac204d6d39d6ccb14fc489e81bb9ab68de5f1c7",
    "https://esm.sh/v135/@noble/hashes@1.3.1/denonext/_sha2.js": "79869533e91a0a6ed446fb6d203c5ae9c458dc7ce990760446f4dbc0698eddab",
    "https://esm.sh/v135/@noble/hashes@1.3.1/denonext/crypto.js": "a66049789449b1cb447eb89a7f3f7adcd1ec4063beeacd3e0b6d84138ef38690",
    "https://esm.sh/v135/@noble/hashes@1.3.1/denonext/hmac.js": "04377300ce8017281732eada2e456fcbafd0dfe8fa45627d08456d82bf0e021a",
    "https://esm.sh/v135/@noble/hashes@1.3.1/denonext/ripemd160.js": "c5c1a6ba85f2a0c0475d5b2cb3fb00a4f796f25e887cf531a45b3df3dc47fad6",
    "https://esm.sh/v135/@noble/hashes@1.3.1/denonext/sha256.js": "6ea97edce4ae3dd2dd35aed79b9fef4f246d8b9112fe9f17c96c8b01d975473f",
    "https://esm.sh/v135/@noble/hashes@1.3.1/denonext/sha3.js": "b656b255db2dc4f555978c8a5b279d67c2bc72979c0ca4cfa2cdb7e7963ee3dc",
    "https://esm.sh/v135/@noble/hashes@1.3.1/denonext/utils.js": "6da366e41886df220cc235aa6152c34abbcd688bee899e2eabbb885a2c5ae6ce",
    "https://esm.sh/v135/@noble/hashes@1.3.2/denonext/_assert.js": "8b3fcc3a8d18f25fded5ecb46250f2009f11e0586b0e1e33757d12b6d1b05591",
    "https://esm.sh/v135/@noble/hashes@1.3.2/denonext/_sha2.js": "9571edb1dbcf00041aaa5b4d9bafb109bb9944bf47452fae653206a0242c2a0a",
    "https://esm.sh/v135/@noble/hashes@1.3.2/denonext/crypto.js": "3d09b6d143b1cb8ec95375586a7d9a30a02b60cb1de984ba374c779f8e6c877a",
    "https://esm.sh/v135/@noble/hashes@1.3.2/denonext/hmac.js": "23f7c9bebfbb777754e776b3197005b866742ce752945bfca17bc3c3a59e0e21",
    "https://esm.sh/v135/@noble/hashes@1.3.2/denonext/pbkdf2.js": "bd2869e43867b1da6cf5ddab1bda5ca52fdcb37d176ff4cf937646b37df6476f",
    "https://esm.sh/v135/@noble/hashes@1.3.2/denonext/ripemd160.js": "d7232e571460ab5d017b0e21ad633f11a8daa5627462092b8e3e59995a4ef9bd",
    "https://esm.sh/v135/@noble/hashes@1.3.2/denonext/scrypt.js": "2ca88ca699a096ba5ea4db584b4473c022f8934eda10b124c5cb067b9c0c3c1d",
    "https://esm.sh/v135/@noble/hashes@1.3.2/denonext/sha256.js": "0c34ea09faae3f2b64691a608ffbe5b3a332f433138039c3bef2e7a53ee7f6d7",
    "https://esm.sh/v135/@noble/hashes@1.3.2/denonext/sha3.js": "e44ab8a4e0efac5ce9b89da919c4cb4a382170e329adbb845527fc0fb02e914d",
    "https://esm.sh/v135/@noble/hashes@1.3.2/denonext/sha512.js": "057089c3e7d4743a8f19ef42a0dcc3a6c9d144e0cec59040e7c17501d9677b8f",
    "https://esm.sh/v135/@noble/hashes@1.3.2/denonext/utils.js": "bbfe700df9ae51f477688035ec3dd96739f77fd2f50439a4c84bcbc1aa7c7d4a",
    "https://esm.sh/v135/@noble/hashes@1.3.3/denonext/_assert.js": "f8882bd96e2a6d1834a445c5af97f927b1ba028f34963c8570568e33385c4419",
    "https://esm.sh/v135/@noble/hashes@1.3.3/denonext/_sha2.js": "7b27807ccd3cf7c3b90ce23b17bc9c5d791a72e41dd2e01a4debd9727990bca9",
    "https://esm.sh/v135/@noble/hashes@1.3.3/denonext/crypto.js": "cf6efbafcbb35e03bcb3a36cccd3d6d1f9bc4ba23f44a79551929a28c83e7901",
    "https://esm.sh/v135/@noble/hashes@1.3.3/denonext/hmac.js": "c7a0a4fa8e369846713459398dfa1dc373ae5e6fa0eb7280f33dfd3f55a5c8fc",
    "https://esm.sh/v135/@noble/hashes@1.3.3/denonext/ripemd160.js": "35ff63c8b0aac4bbd13b79494f7603edf9694444ec5e18d91ba09c4495451b69",
    "https://esm.sh/v135/@noble/hashes@1.3.3/denonext/sha256.js": "762e0b0cbde1990fc905eb816d30cdc0cf7dd4c23d123408c6963294f124f97d",
    "https://esm.sh/v135/@noble/hashes@1.3.3/denonext/sha3.js": "3765211a8eec7f75e4ad8f265c023ed372b16327f214133ce4fc64c3a1423404",
    "https://esm.sh/v135/@noble/hashes@1.3.3/denonext/utils.js": "701831e12a7e656df467b62f929ac9536ababef1b9b7445c7f87512366ae3933",
    "https://esm.sh/v135/@scure/base@1.1.5/denonext/base.mjs": "442a66c701330f27adff8b2fa6067308ff9a82b8e178c8482882ff4aa7dfee82",
    "https://esm.sh/v135/@scure/base@1.1.6/denonext/base.mjs": "7c4c43cca9644ce6301e900ab7edcfebfd057ca778fa0efdd0cb746ae4339c6a",
    "https://esm.sh/v135/@scure/starknet@0.3.0/denonext/starknet.mjs": "d50471d53849ef5de4018ca196ef69fb8f487016b83c36b4a9509291672abd6c",
    "https://esm.sh/v135/aes-js@4.0.0-beta.5/denonext/aes-js.mjs": "b1b896f1484bbfc1178a000fd60d00c9f73ef9d30f5b8dcdf9796e684b231f86",
    "https://esm.sh/v135/bigint-crypto-utils@3.3.0/denonext/bigint-crypto-utils.mjs": "b578d1c4acc591b72e9e78ff896e705e542f91de789cd8490d1445e66acc21bd",
    "https://esm.sh/v135/crc@4.3.2/denonext/calculators/crc1.js": "eaa4ed99321cd8b52c59ca0cb630e65a4b859244dffb4a272a36101e8c196cfc",
    "https://esm.sh/v135/crc@4.3.2/denonext/calculators/crc16.js": "0ada74b2958a7bd3ecddb16a272b41dd18e002026569f1bfcb5a68d441db4485",
    "https://esm.sh/v135/crc@4.3.2/denonext/calculators/crc16ccitt.js": "10fe63c105fb7f8156ce23adaf40e8c2711c7e3dad6ef77a709738cbe0d5212e",
    "https://esm.sh/v135/crc@4.3.2/denonext/calculators/crc16kermit.js": "eee6fd14e48ac01b9f6e690038c747acd4be3f17bfb28c99f768fb831132768c",
    "https://esm.sh/v135/crc@4.3.2/denonext/calculators/crc16modbus.js": "cd1490bfedb6f70cbb4812c5419c16318e11c7f8a006da4faa943d9705bce6c7",
    "https://esm.sh/v135/crc@4.3.2/denonext/calculators/crc16xmodem.js": "0f1d6cd9c24ab0a93e9f1512cca6b1a5da3cb1b1c40d61cf7b1a045501fc0301",
    "https://esm.sh/v135/crc@4.3.2/denonext/calculators/crc24.js": "21bf478c3e4793427c603a7ee0f3f14802a40f2adfd26facee0a0833b234afd5",
    "https://esm.sh/v135/crc@4.3.2/denonext/calculators/crc32.js": "c916783306d04677a4bc72b86f34dcf6923e8c8a64e6c24480ed5e048a4e2527",
    "https://esm.sh/v135/crc@4.3.2/denonext/calculators/crc32mpeg2.js": "c7c604fa5205fb8ba8ff65bc6cd809c497f68e608f484d80407dfc5281e1ce72",
    "https://esm.sh/v135/crc@4.3.2/denonext/calculators/crc8.js": "42db2d1234c7cd8908bc7150bb5adf80f0e06a802292890f038c48cd967a8152",
    "https://esm.sh/v135/crc@4.3.2/denonext/calculators/crc81wire.js": "a057513002257678c34f9960659138aaace38b1a0015d4f750afb910a77c56e8",
    "https://esm.sh/v135/crc@4.3.2/denonext/calculators/crc8dvbs2.js": "86324953a96dc5337f96428c3fba86dab340bf3b64667b99a34548497a1992e5",
    "https://esm.sh/v135/crc@4.3.2/denonext/calculators/crcjam.js": "9e0668baaef5da9995a71966ad252e7feeb7f354f230979860b6674779ec316e",
    "https://esm.sh/v135/crc@4.3.2/denonext/crc.mjs": "aebae37e3003c69cf89549c49f856ba2358ee90bd4e784c82266567020af0f19",
    "https://esm.sh/v135/crc@4.3.2/denonext/crc1.js": "9d9f765dbea4658e92acb481622d540f8c285fa2ef4b4a34c83822119f0a37bb",
    "https://esm.sh/v135/crc@4.3.2/denonext/crc16.js": "c1786b507befe6a2853b0cc5002cbdf9aa22e82759046877a950360545fbfef7",
    "https://esm.sh/v135/crc@4.3.2/denonext/crc16ccitt.js": "1923e36f88a43aef4e679f5d47ef36611ed572a0363b8084309621c4b5c43608",
    "https://esm.sh/v135/crc@4.3.2/denonext/crc16kermit.js": "5ed3db793e7f1a00f10ec32170d7847d7190a2e1574626c7bb51931771e462da",
    "https://esm.sh/v135/crc@4.3.2/denonext/crc16modbus.js": "86c7765ea7d0508e75e8305838809da0211b822b835900c5f1d3cb4071918dc5",
    "https://esm.sh/v135/crc@4.3.2/denonext/crc16xmodem.js": "9f45aaf4903653ecdd5cea701aa49980811be45ce771a0773ee3443208e4ef07",
    "https://esm.sh/v135/crc@4.3.2/denonext/crc24.js": "5b72dc66c8cec68f234530538835f42e76215d3b0a7b0704508c366861fbf6dc",
    "https://esm.sh/v135/crc@4.3.2/denonext/crc32.js": "3cf87e8817f4a233eb6266ab93aaa07889882ca20f64cd0d9722dfc78838c00e",
    "https://esm.sh/v135/crc@4.3.2/denonext/crc32mpeg2.js": "58456f03b9496fd52318b0636ddcdd2f71e78c45d9cd68247a1adb876760fac1",
    "https://esm.sh/v135/crc@4.3.2/denonext/crc8.js": "a2df591da512ca13d4b85abf2b1ee99b383deadbad4bcdd09787061b2db6f7e7",
    "https://esm.sh/v135/crc@4.3.2/denonext/crc81wire.js": "1dd654ca7cf2d3f09a9465e6793984ccaef4125ef84de4fb27e982e502e6dcd1",
    "https://esm.sh/v135/crc@4.3.2/denonext/crc8dvbs2.js": "7c3bca5f086fc2f1be40de30c415d42bef62535389e25dc175c094dedbefaef4",
    "https://esm.sh/v135/crc@4.3.2/denonext/crcjam.js": "98767a32beac739f17ea64a56efde41f8180572adb9f51f2286d4eaa29d96737",
    "https://esm.sh/v135/debug@4.3.4/denonext/debug.mjs": "d2ebf776ea77aa7df1b4460eb2a4aab245a9d5b19f11fa1db25f756b350bae9d",
    "https://esm.sh/v135/ethereum-cryptography@2.1.2/denonext/keccak.js": "56352f00aea30bac6b0b0bf6c26370e2452e47e90f6cf0b450f3062df9c39fbe",
    "https://esm.sh/v135/ethereum-cryptography@2.1.2/denonext/random.js": "a81cc8d3c6f74555dc0d040018c588d06003ae0c686b6cf025434ff2c5caccff",
    "https://esm.sh/v135/ethereum-cryptography@2.1.2/denonext/ripemd160.js": "35325ce7b789239bf0351ff2b2967c8ad5ad4f246217697b73ee59d4ddd0b4c3",
    "https://esm.sh/v135/ethereum-cryptography@2.1.2/denonext/secp256k1.js": "5d3152902365507958e16c57af02485d4486bc3a6f3df2d0b0ba0e59ba21bcc7",
    "https://esm.sh/v135/ethereum-cryptography@2.1.2/denonext/sha256.js": "961c9a682c3eebde948a48a5e71dc297f7c0927dd54e2d526ed71a23c798ec55",
    "https://esm.sh/v135/ethereum-cryptography@2.1.2/denonext/utils.js": "5e7d94766e9c1f6fe6a1233e63d84aaa3475d8660920e327de33503b645ceed4",
    "https://esm.sh/v135/ethereum-cryptography@2.1.3/denonext/keccak.js": "7788e72f8aac863e531f8b2ac4d605e464ffa0a1f0e8d4b5ac74487e78a2937e",
    "https://esm.sh/v135/ethereum-cryptography@2.1.3/denonext/random.js": "281c7233147d3aebd4866036ef2cda5883ecba22066e62adee68af937afc8aae",
    "https://esm.sh/v135/ethereum-cryptography@2.1.3/denonext/ripemd160.js": "ed3df67d7324e8e3916409d9fa4ffc0d676a2ecbc7e13cd10f461071f5860b75",
    "https://esm.sh/v135/ethereum-cryptography@2.1.3/denonext/secp256k1.js": "344a8e4200e5a1e2b1c62f84916187f3919dfdb5846ea94ee230f07ca44ad559",
    "https://esm.sh/v135/ethereum-cryptography@2.1.3/denonext/sha256.js": "5356d6c4d013edbc2b0b34694240db23c5f4e7dcb61a48b838f951303cfc2ae2",
    "https://esm.sh/v135/ethereum-cryptography@2.1.3/denonext/utils.js": "cd91f0ffa0c0775db2dad0936c1fd494659bcce3b14d375fbbcf6442a88e64b4",
    "https://esm.sh/v135/ethers@6.10.0/denonext/abi.js": "a4d92e6fe8b5028cf44ae4e57c3ae7cc434737e8b8207a1eeccf29a0c4cdf3b4",
    "https://esm.sh/v135/ethers@6.10.0/denonext/address.js": "3de1718c6d8416081667f7282ff144a3b7d6438f89d9494ee38941cea85217d8",
    "https://esm.sh/v135/ethers@6.10.0/denonext/constants.js": "41c55737b34d90465e50c1f8dbd9be80496645e56a32b4399f84ea082890cdbd",
    "https://esm.sh/v135/ethers@6.10.0/denonext/contract.js": "8b9a93c511f4beca3b25d20362f4fc206911aec0a3e43b5005ac8ac91ce0fd7a",
    "https://esm.sh/v135/ethers@6.10.0/denonext/crypto.js": "d562938ef89db30b54537c72ef3b33aefdc46e6a6671fcf476d4a14c81a6d078",
    "https://esm.sh/v135/ethers@6.10.0/denonext/ethers.mjs": "7c99e20245b2b759df541b77da9562f4ce71aeb3f4a28b4ddeca8c6749325c65",
    "https://esm.sh/v135/ethers@6.10.0/denonext/hash.js": "597bcb30d6cb31abe8ff716745ecedba438fc7e2834de4b6e6f8567617215af1",
    "https://esm.sh/v135/ethers@6.10.0/denonext/providers.js": "672b62a84a3a3ade08d87765d7ae2ef54a09c7cb3c2ba0d3a32b1a255886bfdb",
    "https://esm.sh/v135/ethers@6.10.0/denonext/transaction.js": "605d8b434f906a19a9dfb2121d71a87775e91727da0ab97e8c842b0192825a52",
    "https://esm.sh/v135/ethers@6.10.0/denonext/utils.js": "7ad81e371896457181f31fc75db95c689b5fb2ad8a994a82450d82dd88873c3c",
    "https://esm.sh/v135/ethers@6.10.0/denonext/wallet.js": "39e9fb0effe9900d98b5b20537d79f50b79a83fd3260ae7369c1e71177f661a5",
    "https://esm.sh/v135/ethers@6.10.0/denonext/wordlists.js": "7f8c990943bdf8ca99d62b125bbaf6547e25afc6174f995fbb4b62fd52038e87",
    "https://esm.sh/v135/inherits@2.0.4/denonext/inherits.mjs": "8095f3d6aea060c904fb24ae50f2882779c0acbe5d56814514c8b5153f3b4b3b",
    "https://esm.sh/v135/isomorphic-fetch@3.0.0/denonext/isomorphic-fetch.mjs": "a791533fb7269baadd38e8e4a34a46a6cb70f5c89ea4e8f4b3e1e5ddd533d61f",
    "https://esm.sh/v135/js-sdsl@4.4.2/denonext/js-sdsl.mjs": "9eec3540be7381f795ea76ddc1674aacdb190e4bcb84ed4d9a7e5020977a9e75",
    "https://esm.sh/v135/lossless-json@2.0.11/denonext/lossless-json.mjs": "cb67043586fcaab9a862a403c35abc3c8485788ec59fd403565c7f550a932085",
    "https://esm.sh/v135/lru-cache@10.1.0/denonext/lru-cache.mjs": "8eccca15513d8d1e660969697e34dd104c57dfbe3f20f0e88e04650a3e1bd93a",
    "https://esm.sh/v135/lru-cache@10.2.0/denonext/lru-cache.mjs": "f524a6e9a51f3da40659f7ad3ad251e55e18b7ae807ea3a9a546f355e7c426bb",
    "https://esm.sh/v135/ms@2.1.2/denonext/ms.mjs": "aa4dc45ba72554c5011168f8910cc646c37af53cfff1a15a4decced838b8eb14",
    "https://esm.sh/v135/pako@2.1.0/denonext/pako.mjs": "a96661a4528965146d092709c0566bbb9a6fbc04e21587adfae26d48b2b3d763",
    "https://esm.sh/v135/readable-stream@3.6.2/denonext/readable-stream.mjs": "35fc04c3200b796d676d0e83607fcfc150048bdcc5bdb7d5d836b5921049788f",
    "https://esm.sh/v135/rustbn-wasm@0.2.0/denonext/rustbn-wasm.mjs": "4666ae759d0ac999bb8ee2ddcd43a7f38eaff82ebb744ef219937f94c0233330",
    "https://esm.sh/v135/starknet@5.24.3/denonext/starknet.mjs": "2728a4d3cefb2ae5e0292d590509eca79906286b8abf1523368224221fe38f2d",
    "https://esm.sh/v135/url-join@4.0.1/denonext/url-join.mjs": "1d2b840f03b6a3aaaaaa56380ea7879740d376a1dd83511b5bcf8af6c4617e1e",
    "https://esm.sh/v135/util-deprecate@1.0.2/denonext/util-deprecate.mjs": "f69f67cf655c38428b0934e0f7c865c055834a87cc3866b629d6b2beb21005e9",
    "https://esm.sh/v135/whatwg-fetch@3.6.19/denonext/whatwg-fetch.mjs": "65c15a9d84dcbd90308975b351e180e43ed2849f0be2312e543202d4fbb8e335"
  }
}
